
Microsoft Visual Studio Solution File, Format Version 12.00
# Visual Studio 15
VisualStudioVersion = 15.0.27130.2003
MinimumVisualStudioVersion = 10.0.40219.1
Project("{8BC9CEB8-8B4A-11D0-8D11-00A0C91BC942}") = "Shape_Drawer", "Shape_Drawer\Shape_Drawer.vcxproj", "{D60F066C-FB56-4161-A1A8-9089C07D7CE9}"
EndProject
Global
	GlobalSection(SolutionConfigurationPlatforms) = preSolution
		Debug|x64 = Debug|x64
		Debug|x86 = Debug|x86
		Release|x64 = Release|x64
		Release|x86 = Release|x86
	EndGlobalSection
	GlobalSection(ProjectConfigurationPlatforms) = postSolution
		{D60F066C-FB56-4161-A1A8-9089C07D7CE9}.Debug|x64.ActiveCfg = Debug|x64
		{D60F066C-FB56-4161-A1A8-9089C07D7CE9}.Debug|x64.Build.0 = Debug|x64
		{D60F066C-FB56-4161-A1A8-9089C07D7CE9}.Debug|x86.ActiveCfg = Debug|Win32
		{D60F066C-FB56-4161-A1A8-9089C07D7CE9}.Debug|x86.Build.0 = Debug|Win32
		{D60F066C-FB56-4161-A1A8-9089C07D7CE9}.Release|x64.ActiveCfg = Release|x64
		{D60F066C-FB56-4161-A1A8-9089C07D7CE9}.Release|x64.Build.0 = Release|x64
		{D60F066C-FB56-4161-A1A8-9089C07D7CE9}.Release|x86.ActiveCfg = Release|Win32
		{D60F066C-FB56-4161-A1A8-9089C07D7CE9}.Release|x86.Build.0 = Release|Win32
	EndGlobalSection
	GlobalSection(SolutionProperties) = preSolution
		HideSolutionNode = FALSE
	EndGlobalSection
	GlobalSection(ExtensibilityGlobals) = postSolution
		SolutionGuid = {5238FD7F-A69D-46CB-92FA-B973A3501DC7}
	EndGlobalSection
EndGlobal
